
Microsoft Visual Studio Solution File, Format Version 12.00
# Visual Studio Version 17
VisualStudioVersion = 17.0.31903.59
MinimumVisualStudioVersion = 10.0.40219.1
Project("{9A19103F-16F7-4668-BE54-9A1E7A4F7556}") = "ShoppingList.Frontend.WebApp", "ShoppingList.Frontend.WebApp\ShoppingList.Frontend.WebApp.csproj", "{21E57D9E-231D-4899-B65A-95F1DACD8423}"
EndProject
Project("{9A19103F-16F7-4668-BE54-9A1E7A4F7556}") = "ShoppingList.Frontend.Infrastructure", "ShoppingList.Frontend.Infrastructure\ShoppingList.Frontend.Infrastructure.csproj", "{96C61D18-7462-4B57-8672-2C5851423AD6}"
EndProject
Project("{2150E333-8FDC-42A3-9474-1A3956D46DE8}") = "01_Execution", "01_Execution", "{206327FE-BECF-482F-B81B-41FBFD9BCF45}"
EndProject
Project("{2150E333-8FDC-42A3-9474-1A3956D46DE8}") = "02_Integration", "02_Integration", "{2C5E395D-BFD8-4091-8075-6505D12D675A}"
EndProject
Project("{2150E333-8FDC-42A3-9474-1A3956D46DE8}") = "03_Domain", "03_Domain", "{49182B40-8923-466B-BC25-8DC743CD4695}"
EndProject
Project("{2150E333-8FDC-42A3-9474-1A3956D46DE8}") = "Solution Items", "Solution Items", "{B5E403B5-0A77-410B-B12B-8E5F50CFB4E3}"
	ProjectSection(SolutionItems) = preProject
		.editorconfig = .editorconfig
	EndProjectSection
EndProject
Project("{2150E333-8FDC-42A3-9474-1A3956D46DE8}") = "Tests", "Tests", "{B0F9BA1C-CF64-41E7-9865-6698E317F211}"
EndProject
Project("{2150E333-8FDC-42A3-9474-1A3956D46DE8}") = "03_Domain", "03_Domain", "{58D41EF0-51C7-41DA-96DF-AA514C9D9E72}"
EndProject
Project("{9A19103F-16F7-4668-BE54-9A1E7A4F7556}") = "ShoppingList.Frontend.Models.Tests", "ShoppingList.Frontend.Models.Tests\ShoppingList.Frontend.Models.Tests.csproj", "{317ABDC5-C01F-4063-8CD0-A1CEF1186464}"
EndProject
Project("{9A19103F-16F7-4668-BE54-9A1E7A4F7556}") = "ShoppingList.Frontend.Models.TestKit", "ShoppingList.Frontend.Models.TestKit\ShoppingList.Frontend.Models.TestKit.csproj", "{5FCDF87A-9082-43B2-9B7B-5CF353DFB0C6}"
EndProject
Project("{9A19103F-16F7-4668-BE54-9A1E7A4F7556}") = "ShoppingList.Frontend.TestTools", "ShoppingList.Frontend.TestTools\ShoppingList.Frontend.TestTools.csproj", "{D016F53C-7E30-4314-BA3C-096AC789CBA1}"
EndProject
Project("{9A19103F-16F7-4668-BE54-9A1E7A4F7556}") = "ShoppingList.Frontend.Redux", "ShoppingList.Frontend.Redux\ShoppingList.Frontend.Redux.csproj", "{129E8366-DC98-4AB5-8B59-E6B91A2D5721}"
EndProject
Project("{FAE04EC0-301F-11D3-BF4B-00C04F79EFBC}") = "ShoppingList.Frontend.Redux.TestKit", "ShoppingList.Frontend.Redux.TestKit\ShoppingList.Frontend.Redux.TestKit.csproj", "{93A3121E-9D6E-45BF-972C-96BD7A2ACB0F}"
EndProject
Global
	GlobalSection(SolutionConfigurationPlatforms) = preSolution
		Debug|Any CPU = Debug|Any CPU
		Release|Any CPU = Release|Any CPU
	EndGlobalSection
	GlobalSection(ProjectConfigurationPlatforms) = postSolution
		{21E57D9E-231D-4899-B65A-95F1DACD8423}.Debug|Any CPU.ActiveCfg = Debug|Any CPU
		{21E57D9E-231D-4899-B65A-95F1DACD8423}.Debug|Any CPU.Build.0 = Debug|Any CPU
		{21E57D9E-231D-4899-B65A-95F1DACD8423}.Release|Any CPU.ActiveCfg = Release|Any CPU
		{21E57D9E-231D-4899-B65A-95F1DACD8423}.Release|Any CPU.Build.0 = Release|Any CPU
		{96C61D18-7462-4B57-8672-2C5851423AD6}.Debug|Any CPU.ActiveCfg = Debug|Any CPU
		{96C61D18-7462-4B57-8672-2C5851423AD6}.Debug|Any CPU.Build.0 = Debug|Any CPU
		{96C61D18-7462-4B57-8672-2C5851423AD6}.Release|Any CPU.ActiveCfg = Release|Any CPU
		{96C61D18-7462-4B57-8672-2C5851423AD6}.Release|Any CPU.Build.0 = Release|Any CPU
		{317ABDC5-C01F-4063-8CD0-A1CEF1186464}.Debug|Any CPU.ActiveCfg = Debug|Any CPU
		{317ABDC5-C01F-4063-8CD0-A1CEF1186464}.Debug|Any CPU.Build.0 = Debug|Any CPU
		{317ABDC5-C01F-4063-8CD0-A1CEF1186464}.Release|Any CPU.ActiveCfg = Release|Any CPU
		{317ABDC5-C01F-4063-8CD0-A1CEF1186464}.Release|Any CPU.Build.0 = Release|Any CPU
		{5FCDF87A-9082-43B2-9B7B-5CF353DFB0C6}.Debug|Any CPU.ActiveCfg = Debug|Any CPU
		{5FCDF87A-9082-43B2-9B7B-5CF353DFB0C6}.Debug|Any CPU.Build.0 = Debug|Any CPU
		{5FCDF87A-9082-43B2-9B7B-5CF353DFB0C6}.Release|Any CPU.ActiveCfg = Release|Any CPU
		{5FCDF87A-9082-43B2-9B7B-5CF353DFB0C6}.Release|Any CPU.Build.0 = Release|Any CPU
		{D016F53C-7E30-4314-BA3C-096AC789CBA1}.Debug|Any CPU.ActiveCfg = Debug|Any CPU
		{D016F53C-7E30-4314-BA3C-096AC789CBA1}.Debug|Any CPU.Build.0 = Debug|Any CPU
		{D016F53C-7E30-4314-BA3C-096AC789CBA1}.Release|Any CPU.ActiveCfg = Release|Any CPU
		{D016F53C-7E30-4314-BA3C-096AC789CBA1}.Release|Any CPU.Build.0 = Release|Any CPU
		{129E8366-DC98-4AB5-8B59-E6B91A2D5721}.Debug|Any CPU.ActiveCfg = Debug|Any CPU
		{129E8366-DC98-4AB5-8B59-E6B91A2D5721}.Debug|Any CPU.Build.0 = Debug|Any CPU
		{129E8366-DC98-4AB5-8B59-E6B91A2D5721}.Release|Any CPU.ActiveCfg = Release|Any CPU
		{129E8366-DC98-4AB5-8B59-E6B91A2D5721}.Release|Any CPU.Build.0 = Release|Any CPU
		{93A3121E-9D6E-45BF-972C-96BD7A2ACB0F}.Debug|Any CPU.ActiveCfg = Debug|Any CPU
		{93A3121E-9D6E-45BF-972C-96BD7A2ACB0F}.Debug|Any CPU.Build.0 = Debug|Any CPU
		{93A3121E-9D6E-45BF-972C-96BD7A2ACB0F}.Release|Any CPU.ActiveCfg = Release|Any CPU
		{93A3121E-9D6E-45BF-972C-96BD7A2ACB0F}.Release|Any CPU.Build.0 = Release|Any CPU
	EndGlobalSection
	GlobalSection(SolutionProperties) = preSolution
		HideSolutionNode = FALSE
	EndGlobalSection
	GlobalSection(NestedProjects) = preSolution
		{21E57D9E-231D-4899-B65A-95F1DACD8423} = {206327FE-BECF-482F-B81B-41FBFD9BCF45}
		{96C61D18-7462-4B57-8672-2C5851423AD6} = {2C5E395D-BFD8-4091-8075-6505D12D675A}
		{58D41EF0-51C7-41DA-96DF-AA514C9D9E72} = {B0F9BA1C-CF64-41E7-9865-6698E317F211}
		{317ABDC5-C01F-4063-8CD0-A1CEF1186464} = {58D41EF0-51C7-41DA-96DF-AA514C9D9E72}
		{5FCDF87A-9082-43B2-9B7B-5CF353DFB0C6} = {58D41EF0-51C7-41DA-96DF-AA514C9D9E72}
		{D016F53C-7E30-4314-BA3C-096AC789CBA1} = {B0F9BA1C-CF64-41E7-9865-6698E317F211}
		{129E8366-DC98-4AB5-8B59-E6B91A2D5721} = {49182B40-8923-466B-BC25-8DC743CD4695}
		{93A3121E-9D6E-45BF-972C-96BD7A2ACB0F} = {58D41EF0-51C7-41DA-96DF-AA514C9D9E72}
	EndGlobalSection
	GlobalSection(ExtensibilityGlobals) = postSolution
		SolutionGuid = {F0798AF8-B771-4324-B367-501339CD7290}
	EndGlobalSection
EndGlobal
