
Microsoft Visual Studio Solution File, Format Version 12.00
# Visual Studio Version 16
VisualStudioVersion = 16.0.29926.136
MinimumVisualStudioVersion = 10.0.40219.1
Project("{FAE04EC0-301F-11D3-BF4B-00C04F79EFBC}") = "ShoppingList", "ShoppingList\ShoppingList.csproj", "{30D8D730-83DE-402D-A36B-BFFB454B393F}"
EndProject
Global
	GlobalSection(SolutionConfigurationPlatforms) = preSolution
		Debug|Any CPU = Debug|Any CPU
		Release|Any CPU = Release|Any CPU
	EndGlobalSection
	GlobalSection(ProjectConfigurationPlatforms) = postSolution
		{30D8D730-83DE-402D-A36B-BFFB454B393F}.Debug|Any CPU.ActiveCfg = Debug|Any CPU
		{30D8D730-83DE-402D-A36B-BFFB454B393F}.Debug|Any CPU.Build.0 = Debug|Any CPU
		{30D8D730-83DE-402D-A36B-BFFB454B393F}.Release|Any CPU.ActiveCfg = Release|Any CPU
		{30D8D730-83DE-402D-A36B-BFFB454B393F}.Release|Any CPU.Build.0 = Release|Any CPU
	EndGlobalSection
	GlobalSection(SolutionProperties) = preSolution
		HideSolutionNode = FALSE
	EndGlobalSection
	GlobalSection(ExtensibilityGlobals) = postSolution
		SolutionGuid = {0A1A9682-534C-4D28-B05D-369094763F3D}
	EndGlobalSection
EndGlobal
