
Microsoft Visual Studio Solution File, Format Version 12.00
# Visual Studio Version 17
VisualStudioVersion = 17.0.31903.59
MinimumVisualStudioVersion = 10.0.40219.1
Project("{9A19103F-16F7-4668-BE54-9A1E7A4F7556}") = "ShoppingList.Api.ApplicationServices", "ShoppingList.Api.ApplicationServices\ShoppingList.Api.ApplicationServices.csproj", "{99D81B92-8CB0-4460-8009-13A73BF2047C}"
EndProject
Project("{9A19103F-16F7-4668-BE54-9A1E7A4F7556}") = "ShoppingList.Api.Client", "ShoppingList.Api.Client\ShoppingList.Api.Client.csproj", "{8EC3E863-4673-489B-B270-FBD681407F38}"
EndProject
Project("{9A19103F-16F7-4668-BE54-9A1E7A4F7556}") = "ShoppingList.Api.Contracts", "ShoppingList.Api.Contracts\ShoppingList.Api.Contracts.csproj", "{E1DB4CE5-A6AA-430C-9C88-11FD7C215044}"
EndProject
Project("{9A19103F-16F7-4668-BE54-9A1E7A4F7556}") = "ShoppingList.Api.Core", "ShoppingList.Api.Core\ShoppingList.Api.Core.csproj", "{5EC18164-280D-4982-B709-BCBB723C64CE}"
EndProject
Project("{9A19103F-16F7-4668-BE54-9A1E7A4F7556}") = "ShoppingList.Api.Domain", "ShoppingList.Api.Domain\ShoppingList.Api.Domain.csproj", "{212DD44B-A2C8-482E-82E7-7C9240C13CFD}"
EndProject
Project("{9A19103F-16F7-4668-BE54-9A1E7A4F7556}") = "ShoppingList.Api.Endpoint", "ShoppingList.Api.Endpoint\ShoppingList.Api.Endpoint.csproj", "{A3F19274-A2E6-460C-AB53-A5773252DC77}"
EndProject
Project("{9A19103F-16F7-4668-BE54-9A1E7A4F7556}") = "ShoppingList.Api.Infrastructure", "ShoppingList.Api.Infrastructure\ShoppingList.Api.Infrastructure.csproj", "{205E6D49-5D9C-42FB-ADC7-092984188C80}"
EndProject
Project("{9A19103F-16F7-4668-BE54-9A1E7A4F7556}") = "ShoppingList.Api.WebApp", "ShoppingList.Api.WebApp\ShoppingList.Api.WebApp.csproj", "{4631E2AD-18AD-4F41-8F38-2D180465CAB7}"
EndProject
Project("{2150E333-8FDC-42A3-9474-1A3956D46DE8}") = "Tests", "Tests", "{76C4349A-E0C0-4209-B812-93E101D703F9}"
EndProject
Project("{9A19103F-16F7-4668-BE54-9A1E7A4F7556}") = "ShoppingList.Api.Domain.Tests", "ShoppingList.Api.Domain.Tests\ShoppingList.Api.Domain.Tests.csproj", "{23A92F8F-B312-484C-A1EA-CFC90644E0EC}"
EndProject
Project("{2150E333-8FDC-42A3-9474-1A3956D46DE8}") = "Solution Items", "Solution Items", "{11C72102-01D3-4BD4-A535-83EBF393AE71}"
	ProjectSection(SolutionItems) = preProject
		.editorconfig = .editorconfig
	EndProjectSection
EndProject
Project("{9A19103F-16F7-4668-BE54-9A1E7A4F7556}") = "ShoppingList.Api.Domain.TestKit", "ShoppingList.Api.Domain.TestKit\ShoppingList.Api.Domain.TestKit.csproj", "{0846E205-91FE-4B43-B3A4-F6651E17604F}"
EndProject
Project("{2150E333-8FDC-42A3-9474-1A3956D46DE8}") = "09_Core", "09_Core", "{3301F8F5-E99F-4A08-B75D-70794AFAB8DC}"
EndProject
Project("{9A19103F-16F7-4668-BE54-9A1E7A4F7556}") = "ShoppingList.Api.Core.Tests", "ShoppingList.Api.Core.Tests\ShoppingList.Api.Core.Tests.csproj", "{2DA92CA1-E8C8-4AB1-B8D5-EC5B9A1EB10E}"
EndProject
Project("{9A19103F-16F7-4668-BE54-9A1E7A4F7556}") = "ShoppingList.Api.Core.TestKit", "ShoppingList.Api.Core.TestKit\ShoppingList.Api.Core.TestKit.csproj", "{0214329A-F3DC-4875-8350-C8129850DE23}"
EndProject
Project("{2150E333-8FDC-42A3-9474-1A3956D46DE8}") = "07_Integration", "07_Integration", "{33CDCDF6-D82E-446B-8F31-B2B0E48F0314}"
EndProject
Project("{9A19103F-16F7-4668-BE54-9A1E7A4F7556}") = "ShoppingList.Api.Infrastructure.Tests", "ShoppingList.Api.Infrastructure.Tests\ShoppingList.Api.Infrastructure.Tests.csproj", "{D61352E5-855D-48CA-810B-60ED2FE1512D}"
EndProject
Project("{2150E333-8FDC-42A3-9474-1A3956D46DE8}") = "08_Domain", "08_Domain", "{9FD725B6-664E-4126-B3B0-2752E3E92DDB}"
EndProject
Project("{2150E333-8FDC-42A3-9474-1A3956D46DE8}") = "01_Execution", "01_Execution", "{B75B1782-C4FD-42DA-A071-77CE85355AE5}"
EndProject
Project("{2150E333-8FDC-42A3-9474-1A3956D46DE8}") = "03_Endpoints", "03_Endpoints", "{061CB33A-F543-4480-BE05-E17A8C621511}"
EndProject
Project("{2150E333-8FDC-42A3-9474-1A3956D46DE8}") = "04_Client", "04_Client", "{F6E854E2-A011-4091-82C7-2EA343DA554D}"
EndProject
Project("{2150E333-8FDC-42A3-9474-1A3956D46DE8}") = "05_Contracts", "05_Contracts", "{BB77BF26-A96D-4E68-8D3F-A749D3F26F19}"
EndProject
Project("{2150E333-8FDC-42A3-9474-1A3956D46DE8}") = "06_ApplicationServices", "06_ApplicationServices", "{BACE2257-2910-496F-B543-E661D25CBF47}"
EndProject
Project("{2150E333-8FDC-42A3-9474-1A3956D46DE8}") = "07_Integration", "07_Integration", "{8C98078F-50C7-4CBE-8BA2-8A090D34857F}"
EndProject
Project("{2150E333-8FDC-42A3-9474-1A3956D46DE8}") = "08_Domain", "08_Domain", "{DFF28531-640E-489E-A060-5401515922E6}"
EndProject
Project("{2150E333-8FDC-42A3-9474-1A3956D46DE8}") = "09_Core", "09_Core", "{9277A09C-FC46-4EB9-AD4B-83236A350B0F}"
EndProject
Project("{9A19103F-16F7-4668-BE54-9A1E7A4F7556}") = "ShoppingList.Api.TestTools", "ShoppingList.Api.TestTools\ShoppingList.Api.TestTools.csproj", "{685DB17B-5D0D-48F1-BDDA-8A512DC7AC38}"
EndProject
Global
	GlobalSection(SolutionConfigurationPlatforms) = preSolution
		Debug|Any CPU = Debug|Any CPU
		Release|Any CPU = Release|Any CPU
	EndGlobalSection
	GlobalSection(ProjectConfigurationPlatforms) = postSolution
		{99D81B92-8CB0-4460-8009-13A73BF2047C}.Debug|Any CPU.ActiveCfg = Debug|Any CPU
		{99D81B92-8CB0-4460-8009-13A73BF2047C}.Debug|Any CPU.Build.0 = Debug|Any CPU
		{99D81B92-8CB0-4460-8009-13A73BF2047C}.Release|Any CPU.ActiveCfg = Release|Any CPU
		{99D81B92-8CB0-4460-8009-13A73BF2047C}.Release|Any CPU.Build.0 = Release|Any CPU
		{8EC3E863-4673-489B-B270-FBD681407F38}.Debug|Any CPU.ActiveCfg = Debug|Any CPU
		{8EC3E863-4673-489B-B270-FBD681407F38}.Debug|Any CPU.Build.0 = Debug|Any CPU
		{8EC3E863-4673-489B-B270-FBD681407F38}.Release|Any CPU.ActiveCfg = Release|Any CPU
		{8EC3E863-4673-489B-B270-FBD681407F38}.Release|Any CPU.Build.0 = Release|Any CPU
		{E1DB4CE5-A6AA-430C-9C88-11FD7C215044}.Debug|Any CPU.ActiveCfg = Debug|Any CPU
		{E1DB4CE5-A6AA-430C-9C88-11FD7C215044}.Debug|Any CPU.Build.0 = Debug|Any CPU
		{E1DB4CE5-A6AA-430C-9C88-11FD7C215044}.Release|Any CPU.ActiveCfg = Release|Any CPU
		{E1DB4CE5-A6AA-430C-9C88-11FD7C215044}.Release|Any CPU.Build.0 = Release|Any CPU
		{5EC18164-280D-4982-B709-BCBB723C64CE}.Debug|Any CPU.ActiveCfg = Debug|Any CPU
		{5EC18164-280D-4982-B709-BCBB723C64CE}.Debug|Any CPU.Build.0 = Debug|Any CPU
		{5EC18164-280D-4982-B709-BCBB723C64CE}.Release|Any CPU.ActiveCfg = Release|Any CPU
		{5EC18164-280D-4982-B709-BCBB723C64CE}.Release|Any CPU.Build.0 = Release|Any CPU
		{212DD44B-A2C8-482E-82E7-7C9240C13CFD}.Debug|Any CPU.ActiveCfg = Debug|Any CPU
		{212DD44B-A2C8-482E-82E7-7C9240C13CFD}.Debug|Any CPU.Build.0 = Debug|Any CPU
		{212DD44B-A2C8-482E-82E7-7C9240C13CFD}.Release|Any CPU.ActiveCfg = Release|Any CPU
		{212DD44B-A2C8-482E-82E7-7C9240C13CFD}.Release|Any CPU.Build.0 = Release|Any CPU
		{A3F19274-A2E6-460C-AB53-A5773252DC77}.Debug|Any CPU.ActiveCfg = Debug|Any CPU
		{A3F19274-A2E6-460C-AB53-A5773252DC77}.Debug|Any CPU.Build.0 = Debug|Any CPU
		{A3F19274-A2E6-460C-AB53-A5773252DC77}.Release|Any CPU.ActiveCfg = Release|Any CPU
		{A3F19274-A2E6-460C-AB53-A5773252DC77}.Release|Any CPU.Build.0 = Release|Any CPU
		{205E6D49-5D9C-42FB-ADC7-092984188C80}.Debug|Any CPU.ActiveCfg = Debug|Any CPU
		{205E6D49-5D9C-42FB-ADC7-092984188C80}.Debug|Any CPU.Build.0 = Debug|Any CPU
		{205E6D49-5D9C-42FB-ADC7-092984188C80}.Release|Any CPU.ActiveCfg = Release|Any CPU
		{205E6D49-5D9C-42FB-ADC7-092984188C80}.Release|Any CPU.Build.0 = Release|Any CPU
		{4631E2AD-18AD-4F41-8F38-2D180465CAB7}.Debug|Any CPU.ActiveCfg = Debug|Any CPU
		{4631E2AD-18AD-4F41-8F38-2D180465CAB7}.Debug|Any CPU.Build.0 = Debug|Any CPU
		{4631E2AD-18AD-4F41-8F38-2D180465CAB7}.Release|Any CPU.ActiveCfg = Release|Any CPU
		{4631E2AD-18AD-4F41-8F38-2D180465CAB7}.Release|Any CPU.Build.0 = Release|Any CPU
		{23A92F8F-B312-484C-A1EA-CFC90644E0EC}.Debug|Any CPU.ActiveCfg = Debug|Any CPU
		{23A92F8F-B312-484C-A1EA-CFC90644E0EC}.Debug|Any CPU.Build.0 = Debug|Any CPU
		{23A92F8F-B312-484C-A1EA-CFC90644E0EC}.Release|Any CPU.ActiveCfg = Release|Any CPU
		{23A92F8F-B312-484C-A1EA-CFC90644E0EC}.Release|Any CPU.Build.0 = Release|Any CPU
		{0846E205-91FE-4B43-B3A4-F6651E17604F}.Debug|Any CPU.ActiveCfg = Debug|Any CPU
		{0846E205-91FE-4B43-B3A4-F6651E17604F}.Debug|Any CPU.Build.0 = Debug|Any CPU
		{0846E205-91FE-4B43-B3A4-F6651E17604F}.Release|Any CPU.ActiveCfg = Release|Any CPU
		{0846E205-91FE-4B43-B3A4-F6651E17604F}.Release|Any CPU.Build.0 = Release|Any CPU
		{2DA92CA1-E8C8-4AB1-B8D5-EC5B9A1EB10E}.Debug|Any CPU.ActiveCfg = Debug|Any CPU
		{2DA92CA1-E8C8-4AB1-B8D5-EC5B9A1EB10E}.Debug|Any CPU.Build.0 = Debug|Any CPU
		{2DA92CA1-E8C8-4AB1-B8D5-EC5B9A1EB10E}.Release|Any CPU.ActiveCfg = Release|Any CPU
		{2DA92CA1-E8C8-4AB1-B8D5-EC5B9A1EB10E}.Release|Any CPU.Build.0 = Release|Any CPU
		{0214329A-F3DC-4875-8350-C8129850DE23}.Debug|Any CPU.ActiveCfg = Debug|Any CPU
		{0214329A-F3DC-4875-8350-C8129850DE23}.Debug|Any CPU.Build.0 = Debug|Any CPU
		{0214329A-F3DC-4875-8350-C8129850DE23}.Release|Any CPU.ActiveCfg = Release|Any CPU
		{0214329A-F3DC-4875-8350-C8129850DE23}.Release|Any CPU.Build.0 = Release|Any CPU
		{D61352E5-855D-48CA-810B-60ED2FE1512D}.Debug|Any CPU.ActiveCfg = Debug|Any CPU
		{D61352E5-855D-48CA-810B-60ED2FE1512D}.Debug|Any CPU.Build.0 = Debug|Any CPU
		{D61352E5-855D-48CA-810B-60ED2FE1512D}.Release|Any CPU.ActiveCfg = Release|Any CPU
		{D61352E5-855D-48CA-810B-60ED2FE1512D}.Release|Any CPU.Build.0 = Release|Any CPU
		{685DB17B-5D0D-48F1-BDDA-8A512DC7AC38}.Debug|Any CPU.ActiveCfg = Debug|Any CPU
		{685DB17B-5D0D-48F1-BDDA-8A512DC7AC38}.Debug|Any CPU.Build.0 = Debug|Any CPU
		{685DB17B-5D0D-48F1-BDDA-8A512DC7AC38}.Release|Any CPU.ActiveCfg = Release|Any CPU
		{685DB17B-5D0D-48F1-BDDA-8A512DC7AC38}.Release|Any CPU.Build.0 = Release|Any CPU
	EndGlobalSection
	GlobalSection(SolutionProperties) = preSolution
		HideSolutionNode = FALSE
	EndGlobalSection
	GlobalSection(NestedProjects) = preSolution
		{99D81B92-8CB0-4460-8009-13A73BF2047C} = {BACE2257-2910-496F-B543-E661D25CBF47}
		{8EC3E863-4673-489B-B270-FBD681407F38} = {F6E854E2-A011-4091-82C7-2EA343DA554D}
		{E1DB4CE5-A6AA-430C-9C88-11FD7C215044} = {BB77BF26-A96D-4E68-8D3F-A749D3F26F19}
		{5EC18164-280D-4982-B709-BCBB723C64CE} = {9277A09C-FC46-4EB9-AD4B-83236A350B0F}
		{212DD44B-A2C8-482E-82E7-7C9240C13CFD} = {DFF28531-640E-489E-A060-5401515922E6}
		{A3F19274-A2E6-460C-AB53-A5773252DC77} = {061CB33A-F543-4480-BE05-E17A8C621511}
		{205E6D49-5D9C-42FB-ADC7-092984188C80} = {8C98078F-50C7-4CBE-8BA2-8A090D34857F}
		{4631E2AD-18AD-4F41-8F38-2D180465CAB7} = {B75B1782-C4FD-42DA-A071-77CE85355AE5}
		{23A92F8F-B312-484C-A1EA-CFC90644E0EC} = {9FD725B6-664E-4126-B3B0-2752E3E92DDB}
		{0846E205-91FE-4B43-B3A4-F6651E17604F} = {9FD725B6-664E-4126-B3B0-2752E3E92DDB}
		{3301F8F5-E99F-4A08-B75D-70794AFAB8DC} = {76C4349A-E0C0-4209-B812-93E101D703F9}
		{2DA92CA1-E8C8-4AB1-B8D5-EC5B9A1EB10E} = {3301F8F5-E99F-4A08-B75D-70794AFAB8DC}
		{0214329A-F3DC-4875-8350-C8129850DE23} = {3301F8F5-E99F-4A08-B75D-70794AFAB8DC}
		{33CDCDF6-D82E-446B-8F31-B2B0E48F0314} = {76C4349A-E0C0-4209-B812-93E101D703F9}
		{D61352E5-855D-48CA-810B-60ED2FE1512D} = {33CDCDF6-D82E-446B-8F31-B2B0E48F0314}
		{9FD725B6-664E-4126-B3B0-2752E3E92DDB} = {76C4349A-E0C0-4209-B812-93E101D703F9}
		{685DB17B-5D0D-48F1-BDDA-8A512DC7AC38} = {76C4349A-E0C0-4209-B812-93E101D703F9}
	EndGlobalSection
	GlobalSection(ExtensibilityGlobals) = postSolution
		SolutionGuid = {56C5C54B-6642-4A35-9038-FE0D314E6780}
	EndGlobalSection
EndGlobal
